# This file was autogenerated by uv via the following command:
#    uv export --no-dev --no-emit-project --format requirements-txt --output-file requirements.lock
alembic==1.20.0 \
    --hash=sha256:77eb101048d95f982c0353e9233404889dcd7a6fc244c107836c0e2fc9cf7d9d \
    --hash=sha256:db505480647bc60386c5369402f4a57a506b7539c9e9ef5e270d45cbbe4939bf
    # via newsmap-backend
annotated-doc==0.0.5 \
    --hash=sha256:117bac03a25ede5df5440e855b32d556049ca169ead221505badf432fed4b101 \
    --hash=sha256:c7e58ce09192557605d8bbd92836d7e1d520ac9580096042c0bfd197efacf1bb
    # via fastapi
annotated-types==0.8.0 \
    --hash=sha256:13b2beaad985e05e2d6407ee4c4f35590b11f8d693a258a561055cac8f64cab7 \
    --hash=sha256:f072f4d804ea359e4eaf198b1af7a8b0943881a87f31bb764f8bf219bb9419e0
    # via pydantic
anyio==4.15.1 \
    --hash=sha256:6152fdbbf9a77fdec97731721bebf7c4c44f7c29b424b0065826173efc7ed101 \
    --hash=sha256:9f28306018cbd6d329e64a36d58256edff76dd996fe423bc957326e578b82a94
    # via
    #   httpx
    #   starlette
    #   watchfiles
certifi==2026.7.22 \
    --hash=sha256:62f22742b58a1a33014a2b6b706588a8d7e2a88ae7bd1a6ebe8c992928483775 \
    --hash=sha256:741e2c3b351ddf169a738da9f2c048608ff7f2c5cc02f1ebc6b118bb090d5d55
    # via
    #   httpcore
    #   httpx
click==8.5.0 \
    --hash=sha256:255bc9599cf7748b4b1a446ccc735421bd08a2ae529a8b88597d3de5664ee360 \
    --hash=sha256:ba0d2089de75ea0310e2dde03160e6ca10009947fb95a182f9b54021bb272e34
    # via uvicorn
fastapi==0.142.1 \
    --hash=sha256:761663e3e6939da45f997a6f68362abc0fa9d8606e76d504f15f806d2281581d \
    --hash=sha256:7eea2b5b1632ed43de2c090b3a43b7d92267189dfbbd55a967307ed763b6c57a
    # via newsmap-backend
feedparser==6.0.14 \
    --hash=sha256:088679b0c4b543ee211a820dd544698c76a402122eae7473c04a43425f283d06 \
    --hash=sha256:e35e3f760151b0c3b22cac9684155cae186a233e16c49bcbc6c49e91e3131137
    # via newsmap-backend
feedparser-sgmllib==2.1.0 \
    --hash=sha256:2cab2d43b95a954f920f18aebce7a4dbbb3f539780b127e2aa114f579821e01d \
    --hash=sha256:61facf2918c4389b5b00714f76c5e03431ffcd94cd1f51d657edd6cd7c396579
    # via feedparser
h11==0.16.0 \
    --hash=sha256:4e35b956cf45792e4caa5885e69fba00bdbc6ffafbfa020300e549b208ee5ff1 \
    --hash=sha256:63cf8bbe7522de3bf65932fda1d9c2772064ffb3dae62d55932da54b31cb6c86
    # via
    #   httpcore
    #   uvicorn
httpcore==1.0.9 \
    --hash=sha256:2d400746a40668fc9dec9810239072b40b4484b640a8c38fd654a024c7a1bf55 \
    --hash=sha256:6e34463af53fd2ab5d807f399a9b45ea31c3dfa2276f15a2c3f00afff6e176e8
    # via httpx
httptools==0.8.0 \
    --hash=sha256:0770728beb05094c809b98e814edff5fef69d26ad7d21185f2f6d5884a0ba683 \
    --hash=sha256:159e9ab5f701ccd42e555a12f1ad8ff69702910fc1c996cf2bb66e5fcb7a231b \
    --hash=sha256:19d1ee275bb59ba2643ba9a3a1e51cc0c788caf2b8df506368e03f56fdd08527 \
    --hash=sha256:2a021c3a8e65cc125390d72f59b968afca3bdcaff25bd67965e0a055a14946ca \
    --hash=sha256:2c032fa028f46871ec7e1fc59fc15e8023eab3e6bbe6ece786a1611719a5d081 \
    --hash=sha256:2d689918c15a013c65ef52d9fd495d766893ab831a2c8d89f2ac5940a5df847c \
    --hash=sha256:384c17174464c8e873398b7af24f0b1f44d992c820328413951a625323155d77 \
    --hash=sha256:425f83884fd6343828d8c565f046cb72b6d19063f6924093e11bcd8e1548cd09 \
    --hash=sha256:48774d39cbb70e2b1f71f88852a3087ae1d3a1eb80482bb48c13067ab080c14f \
    --hash=sha256:5931891fb7b441b8a3853cf1b85c82c903defce084dd5f6771ca46e31bf862c5 \
    --hash=sha256:614ceea8ea606848bece2338ac03b3ce5324bcb4be8dc7d377ed708012fa4db8 \
    --hash=sha256:6a43c9dd399758ccc0531acb0a3c4a6c299ee893ee9400e9c893b7bdcfae0681 \
    --hash=sha256:6b2a32f18d97e16e90827d7a819ffa8dbd8cc245fc4e1fa9d1095b54ef4bd999 \
    --hash=sha256:7685df791fad561384bfb139e77fde27a1ffd93134e016f95a0db424ffbf77b1 \
    --hash=sha256:880490234c10f70a9830743097e8958d6e4b9f5a0ffc24515023afeef984054d \
    --hash=sha256:88bdd940f2b5d487b4d032c6afa5489a7dc4694410d43de3c38c4fb3af0dc45d \
    --hash=sha256:88eead8ec8680a9f146c655bc88445a325bd7921cfd8194c7337e9467282427d \
    --hash=sha256:a1afd7c9fbff0d9f5d489c4ce2768bd09c84a46ddefc7161e6aa82ae35c85745 \
    --hash=sha256:a3b7387147361c3fd47a0bde763c5c91b5b4cd4dc9989b8ece84ff436c99843b \
    --hash=sha256:b15fc622b0f869d19207c4089a501d9bcc63ca5e071ffdd2f03f922df882dcb2 \
    --hash=sha256:c4a9f1707e4823d54dfec6c33fa3697d302aed536ed352a7ebb5a061ddb869d0 \
    --hash=sha256:cd96f29b4bab1d42fa6e3d008711c75e0f79e94e06827330160e3a304227f150 \
    --hash=sha256:d76ad7b951387e3632c8716a9bb03ac5b45c5f16119aa409db0459520887944e \
    --hash=sha256:de1ed58a974e75d56560acc7e7fed01a454994429456f65209789992e41f2568 \
    --hash=sha256:de242a49b5d18e0a8776e654e9f6bf6d89f3875a5c35b425a0e7ce940feb3fd6 \
    --hash=sha256:e93c227b595c6926c1acee96891dd9da4be338cfbe82e5cd3bb9d8dd7dc4ac0b \
    --hash=sha256:eb3028cca2fc0a6d720e52ef61d8ebb62fcbfeb1de56874546d858d3f25a26b7 \
    --hash=sha256:ef7c3c97f4311c7be57e2986629df89d49cb434dbff78eafcd48c2bff986b15a \
    --hash=sha256:f256d6ce930c52ca1cb2a960b7da03548c454e7d28b06059ad41bfe789036ce0
    # via uvicorn
httpx==0.28.1 \
    --hash=sha256:75e98c5f16b0f35b567856f597f06ff2270a374470a5c2392242528e3e3e42fc \
    --hash=sha256:d909fcccc110f8c7faf814ca82a9a4d816bc5a6dbfea25d6591d6985b8ba59ad
    # via newsmap-backend
idna==3.20 \
    --hash=sha256:a7db850025b95ded1eae8a46181a1a6c56c92c96f0e2b005d9ff8dc0210cab44 \
    --hash=sha256:ab7ae7122974553370f0bdb919e1a960b2cd1bc1ef0276416d896db81c14582c
    # via
    #   anyio
    #   httpx
mako==1.4.3 \
    --hash=sha256:723296007c870bfd6b3f0c3230dba7198096e5269297ebf5e4eff9e7ffa39d4f \
    --hash=sha256:cd6537fe88d5fec315c55c2f8529bc4ce7a9a352ad7db3eeaa6a66e2dd4ec37a
    # via alembic
markupsafe==3.0.3 \
    --hash=sha256:0eb9ff8191e8498cca014656ae6b8d61f39da5f95b488805da4bb029cccbfbaf \
    --hash=sha256:1085e7fbddd3be5f89cc898938f42c0b3c711fdcb37d75221de2666af647c175 \
    --hash=sha256:116bb52f642a37c115f517494ea5feb03889e04df47eeff5b130b1808ce7c219 \
    --hash=sha256:12c63dfb4a98206f045aa9563db46507995f7ef6d83b2f68eda65c307c6829eb \
    --hash=sha256:133a43e73a802c5562be9bbcd03d090aa5a1fe899db609c29e8c8d815c5f6de6 \
    --hash=sha256:1353ef0c1b138e1907ae78e2f6c63ff67501122006b0f9abad68fda5f4ffc6ab \
    --hash=sha256:1872df69a4de6aead3491198eaf13810b565bdbeec3ae2dc8780f14458ec73ce \
    --hash=sha256:1b4b79e8ebf6b55351f0d91fe80f893b4743f104bff22e90697db1590e47a218 \
    --hash=sha256:1b52b4fb9df4eb9ae465f8d0c228a00624de2334f216f178a995ccdcf82c4634 \
    --hash=sha256:218551f6df4868a8d527e3062d0fb968682fe92054e89978594c28e642c43a73 \
    --hash=sha256:26a5784ded40c9e318cfc2bdb30fe164bdb8665ded9cd64d500a34fb42067b1c \
    --hash=sha256:2713baf880df847f2bece4230d4d094280f4e67b1e813eec43b4c0e144a34ffe \
    --hash=sha256:32001d6a8fc98c8cb5c947787c5d08b0a50663d139f1305bac5885d98d9b40fa \
    --hash=sha256:3524b778fe5cfb3452a09d31e7b5adefeea8c5be1d43c4f810ba09f2ceb29d37 \
    --hash=sha256:35add3b638a5d900e807944a078b51922212fb3dedb01633a8defc4b01a3c85f \
    --hash=sha256:3a7e8ae81ae39e62a41ec302f972ba6ae23a5c5396c8e60113e9066ef893da0d \
    --hash=sha256:457a69a9577064c05a97c41f4e65148652db078a3a509039e64d3467b9e7ef97 \
    --hash=sha256:4e885a3d1efa2eadc93c894a21770e4bc67899e3543680313b09f139e149ab19 \
    --hash=sha256:4faffd047e07c38848ce017e8725090413cd80cbc23d86e55c587bf979e579c9 \
    --hash=sha256:509fa21c6deb7a7a273d629cf5ec029bc209d1a51178615ddf718f5918992ab9 \
    --hash=sha256:5678211cb9333a6468fb8d8be0305520aa073f50d17f089b5b4b477ea6e67fdc \
    --hash=sha256:5a7d5dc5140555cf21a6fefbdbf8723f06fcd2f63ef108f2854de715e4422cb4 \
    --hash=sha256:69c0b73548bc525c8cb9a251cddf1931d1db4d2258e9599c28c07ef3580ef354 \
    --hash=sha256:722695808f4b6457b320fdc131280796bdceb04ab50fe1795cd540799ebe1698 \
    --hash=sha256:729586769a26dbceff69f7a7dbbf59ab6572b99d94576a5592625d5b411576b9 \
    --hash=sha256:77f0643abe7495da77fb436f50f8dab76dbc6e5fd25d39589a0f1fe6548bfa2b \
    --hash=sha256:795e7751525cae078558e679d646ae45574b47ed6e7771863fcc079a6171a0fc \
    --hash=sha256:7e68f88e5b8799aa49c85cd116c932a1ac15caaa3f5db09087854d218359e485 \
    --hash=sha256:83891d0e9fb81a825d9a6d61e3f07550ca70a076484292a70fde82c4b807286f \
    --hash=sha256:8485f406a96febb5140bfeca44a73e3ce5116b2501ac54fe953e488fb1d03b12 \
    --hash=sha256:8709b08f4a89aa7586de0aadc8da56180242ee0ada3999749b183aa23df95025 \
    --hash=sha256:8f71bc33915be5186016f675cd83a1e08523649b0e33efdb898db577ef5bb009 \
    --hash=sha256:915c04ba3851909ce68ccc2b8e2cd691618c4dc4c4232fb7982bca3f41fd8c3d \
    --hash=sha256:94c6f0bb423f739146aec64595853541634bde58b2135f27f61c1ffd1cd4d16a \
    --hash=sha256:9a1abfdc021a164803f4d485104931fb8f8c1efd55bc6b748d2f5774e78b62c5 \
    --hash=sha256:9b79b7a16f7fedff2495d684f2b59b0457c3b493778c9eed31111be64d58279f \
    --hash=sha256:a4afe79fb3de0b7097d81da19090f4df4f8d3a2b3adaa8764138aac2e44f3af1 \
    --hash=sha256:ad2cf8aa28b8c020ab2fc8287b0f823d0a7d8630784c31e9ee5edea20f406287 \
    --hash=sha256:b8512a91625c9b3da6f127803b166b629725e68af71f8184ae7e7d54686a56d6 \
    --hash=sha256:bdc919ead48f234740ad807933cdf545180bfbe9342c2bb451556db2ed958581 \
    --hash=sha256:bdd37121970bfd8be76c5fb069c7751683bdf373db1ed6c010162b2a130248ed \
    --hash=sha256:be8813b57049a7dc738189df53d69395eba14fb99345e0a5994914a3864c8a4b \
    --hash=sha256:c47a551199eb8eb2121d4f0f15ae0f923d31350ab9280078d1e5f12b249e0026 \
    --hash=sha256:ccfcd093f13f0f0b7fdd0f198b90053bf7b2f02a3927a30e63f3ccc9df56b676 \
    --hash=sha256:d53197da72cc091b024dd97249dfc7794d6a56530370992a5e1a08983ad9230e \
    --hash=sha256:d6dd0be5b5b189d31db7cda48b91d7e0a9795f31430b7f271219ab30f1d3ac9d \
    --hash=sha256:d88b440e37a16e651bda4c7c2b930eb586fd15ca7406cb39e211fcff3bf3017d \
    --hash=sha256:e1cf1972137e83c5d4c136c43ced9ac51d0e124706ee1c8aa8532c1287fa8795 \
    --hash=sha256:e56b7d45a839a697b5eb268c82a71bd8c7f6c94d6fd50c3d577fa39a9f1409f5 \
    --hash=sha256:e8afc3f2ccfa24215f8cb28dcf43f0113ac3c37c2f0f0806d8c70e4228c5cf4d \
    --hash=sha256:eaa9599de571d72e2daf60164784109f19978b327a3910d3e9de8c97b5b70cfe \
    --hash=sha256:ec15a59cf5af7be74194f7ab02d0f59a62bdcf1a537677ce67a2537c9b87fcda \
    --hash=sha256:f190daf01f13c72eac4efd5c430a8de82489d9cff23c364c3ea822545032993e \
    --hash=sha256:f34c41761022dd093b4b6896d4810782ffbabe30f2d443ff5f083e0cbbb8c737 \
    --hash=sha256:f3e98bb3798ead92273dc0e5fd0f31ade220f59a266ffd8a4f6065e0a3ce0523 \
    --hash=sha256:fed51ac40f757d41b7c48425901843666a6677e3e8eb0abcff09e4ba6e664f50
    # via mako
opentelemetry-api==1.45.0 \
    --hash=sha256:711ede81773c8025c2c03dac0450bc89f3d30aea6eabcc815c570d4e35a963f7 \
    --hash=sha256:80e068aba7cd56c8b58512d6a36f8d25cb1dfaa0c0a4cc1c938ccf9f362d9cb3
    # via fastapi
psycopg==3.3.6 \
    --hash=sha256:a1db9f7148b06a28606767efaca51fa6f9398c5c0a3810519be69d7000bdb631 \
    --hash=sha256:c081f2250df751a943036e42db6df4571c66cd0aabe8291a7a506512b12007d2
    # via newsmap-backend
psycopg-binary==3.3.6 ; implementation_name != 'pypy' \
    --hash=sha256:05a83ac9fd52b9bca7cb5ab04b3691163170bd16f53defa27216ea3aa07ee781 \
    --hash=sha256:0bf08b749cc144f33b44a91b78e3f71c60eb07963746a0df5a100b36ce3d7475 \
    --hash=sha256:0ebfad5d131de9f892ae9e70cc7616207768b6714b66a52d4612b8ceaf78b372 \
    --hash=sha256:1679a1cb93fbe5a6d1fd58d82cbddcc6fcb8c61446ba7cae6eb2a7b19bc585de \
    --hash=sha256:1fbd30e537dab22cafdf080608f10148fe2a5f3a61294ddb5113caac8a623840 \
    --hash=sha256:289aadd6a00e151203c081f708348ec89f1e483c9b510ef4ac3981f847f01f79 \
    --hash=sha256:2f122603f36050937982abf9668d8bc4769a79f7c93a65013b1c49f1cab7b56b \
    --hash=sha256:303732e798fe6729f8e12021b9c96107df8e95ecec4dd487c67b98ec2a59435e \
    --hash=sha256:31cd942c23f613276b81a6e6598cefa12960058b0f46e1e874b540c793f6aca5 \
    --hash=sha256:366db6e97e66b37211475f20c4c1324a2dc0dd825e46d4e87f9d599304d276f9 \
    --hash=sha256:373704aea331d3f3e3402c125a1543f5875e2986ebb54f97d1647942161f803f \
    --hash=sha256:37d40450659401600e6d043ff586c89a71a69f33cbb8bcdba6cdb2569beecdbe \
    --hash=sha256:3af90f92769d8cc10f94515ee7a0aef36ea85ca733a0ce22858f6e0953f41138 \
    --hash=sha256:3f84dab25e0385692ee13274c68678377e0b1a70ab9d14e56264cbf61f60c62d \
    --hash=sha256:4690cf67738f0e0e49a32aeec99bf0e4595cc2b4f1af984a4345394b1dcff91a \
    --hash=sha256:5927b7ba63153cd8e9862987290a2b783a5c590daf2a4ef981700cc3569166d4 \
    --hash=sha256:5ad8f35e67cc16d1fad1fa8c88972dc9b3a3141ea67897399904edab96a301b6 \
    --hash=sha256:612382ac3ed13651c7fa44b5fee9fbf7baaa2ddbc6f500391672682c5f1df9e0 \
    --hash=sha256:7308c93cf0b19bbaf8e6ff0a6ad50d3c442385739245fe15a8d593bf841734a6 \
    --hash=sha256:79a2a1c3449f6c3409427078ed1cec10de79f3023cb5f2504f0597d350ad46c7 \
    --hash=sha256:86147cb5d140341c3363fb5bacce31f8d5543902a46699d3c536b101bbceaf9e \
    --hash=sha256:955e3dd94da361e052d2e49acf591017158dc8f8ed2c8a42c2e3943403c39dc2 \
    --hash=sha256:9892188bb15e5803beb51afe8a25add6b56be391a53058e8bca03b74e1e6bf22 \
    --hash=sha256:98c02090d88f2ebc0ec1e8da538f77d225ce0fffecf372aa39262e62a1b054ef \
    --hash=sha256:a4ee3bdd5468a725f2a4d9aab8a74b6d0279f768c8b5d3aeb102c5307ff3d59c \
    --hash=sha256:a5165300324efd5a772c48a88ab3a928513ab3979fca76553e62ee815f7b2b9c \
    --hash=sha256:ad1c785e784cfd87e8436c6b7702f2d321fc39601bbaf29bc63a41a867091638 \
    --hash=sha256:b3f75dee0f9afafabe4edc52c4842f1e1878ed2069bd05b22d6fe961e97e4dba \
    --hash=sha256:b599defe9190b17e9907c8b4d114c181e702c87efcd1b8a0ad40971cdcc4634a \
    --hash=sha256:b82491019b884d62318b5f30706c3d7e6d4e5a6cb7eabcb3edc0c1b0fdaceae9 \
    --hash=sha256:b8ece331509f7a975b90501f41e83ad905e4141753fedf3f2711b2bc70a8efbc \
    --hash=sha256:bf8c8481d026b85dd70c5fa7dde85b2333aed0b32a2602bcd38a900cbd78a49c \
    --hash=sha256:c61617eaae0112ca154da87ffb99b73af2c74067acac28dfb9a4455b019dff2e \
    --hash=sha256:c6d19cb4999d03231e8730a5f66c8f5068bc3b532677eb39dab0f600bff3e312 \
    --hash=sha256:c7753871eb57e6a5f4646f6168590c6653073dea5e9e720b201c8875332df4c8 \
    --hash=sha256:cec5ea900390897d0b46130f60bc2883bf19c314f9044235217c8be88b0ef269 \
    --hash=sha256:d636338c8f21b0df2f84657b00bc34f9313f826ef93f1155bc743607e4a0c5eb \
    --hash=sha256:dc75da5a20951049f7b773145f998f69d181adad9c58a0ff36e0cf1d73c10e10 \
    --hash=sha256:e23a66a763fbe83fcc210bc77c27e5a5ea380ebf091c06f34d8561b695e5a40f \
    --hash=sha256:e8cbb54454dbf1bbf2ff08dd7693e8d94ac94b1a20f70f4b3b813d52ecb5cbc1 \
    --hash=sha256:ee2c4728c691245e24501fcd7a97b5b381236b9985bc445bba88cdce7d1b5784 \
    --hash=sha256:f19cc87343eaa55255e76b31259a570072ac95d6ae82c92dd34b97691f5e49dc \
    --hash=sha256:f21d057f3e5f5491067e5b292498073b73847d48799b099803fef100775fcc52 \
    --hash=sha256:fdccb3a0e184b03e9baa673b15a809cf36c339c85dbda0ebc25a698846dfbee8
    # via psycopg
pydantic==2.13.5 \
    --hash=sha256:346a034f080da3755d8e9cb5e00e8b07de1d39e4f6e2c87d8ab7cafa0b269a73 \
    --hash=sha256:51a9c5f7b2f8e636f04c6cada605d9b6a3bf1348fdf945a3d8869b19bba0ee08
    # via
    #   fastapi
    #   pydantic-settings
pydantic-core==2.46.5 \
    --hash=sha256:013d6f3483d81e02e7c328831808f336c8596ee33b4bd4026b9ffb1e960b8942 \
    --hash=sha256:03b9666e41e35d8909852ba191a0607520f81b74eaf12ccf8737005dbb313821 \
    --hash=sha256:045ab3b6d308439e32b81cc173bba5b9018bc6ed896afd0c65b3b009b1699af5 \
    --hash=sha256:0cdbada856a1c69a7624a64d3d9aefe79300bd6ef827b43a4f265010b9b55184 \
    --hash=sha256:0fc5be0abd4a407e200d844b404e33639a554e7bd0d448e7b9ae181be4789ac2 \
    --hash=sha256:10416c15b8839ecc4ef4d0885da76da6fd0f67333a0eb8aff6d93c4b8f2910fc \
    --hash=sha256:15f4a94963c95accac15b7b657bb177d3ad82bb90b0d0526d9a9b85079925db5 \
    --hash=sha256:18a09e1e1011b462f2e32774f25859ef1223d5c2b0546a633cf56654710721e0 \
    --hash=sha256:193375f3548919d3f0b60936ca113ada3e38f264f91b9b8e0508efaad57be931 \
    --hash=sha256:1a353f84de772f423b5ffb11d7ae352fbbef0f446f3c0b0af0f8236d7233606e \
    --hash=sha256:24922243639cbdac66c75fcb6fd6495a9cb52b213d62f9a0d16f0310b1ff8038 \
    --hash=sha256:2bc9419666990c06d7397831f2126a1ecc3594aaa3ff7de5bf2d066802f4e07b \
    --hash=sha256:2cbd9a5eff05e51c447c34dfa4632145b26b09120cf04bd0c871e44c1a5e1c9a \
    --hash=sha256:2d5d76654becf5efd62c9e51c3756c67b49498b0c9a40884934c40807adbd074 \
    --hash=sha256:347ec774390c87326a2e4929d58d3f7e8763a104d5d35f4cd595a4c952366433 \
    --hash=sha256:37ae34309d7bd8c0d61ab839668058f2a7962ea1fc51d105d2db228fe0618034 \
    --hash=sha256:37ea7b83c935e5b0d68c9449b82651accf78a10828b2c02b2f2d9e9496446c21 \
    --hash=sha256:46c25dda9d092a06c08db76ffe0a197107904d0dfac653f7d5306bbcd6d6119c \
    --hash=sha256:4fdc8b93a41521988916eeaa271173fcca7fa0803d62f87675aac8dcec1c8e29 \
    --hash=sha256:5086029a57366b8cf81b130a43908738095c270c21a8d7f0e8bdfdb89718e2f3 \
    --hash=sha256:52e24eacdb536cade636aa90fb851835222becff8484b7001fdc78cb0290f2aa \
    --hash=sha256:545f26c504b27c3758439a5e6d9349931f0a04f855668d5fe323c89e82300a38 \
    --hash=sha256:54d510bac3ee52247af28ed4bb18a1e799f040ac60fd2bf5ccd4c92f1fbe786f \
    --hash=sha256:5cb482e9e84c851f4e623fe4acc1ced89168cf1fe18f7089db4548c8f5bbb65b \
    --hash=sha256:5e81740c09e310f5aa5cbd3e434a01c154d4bef93241c7877b39f211d2b78ba8 \
    --hash=sha256:5ee239d575f80b08eca11f6e20f90c4c695de7825c67eefe6091fbf20dda648e \
    --hash=sha256:5f194189415698233dd1114a093a9b56e61e2c57e11b469be3b0506f46f0771c \
    --hash=sha256:6f7b393a8b3da82f5c1fc0751e6d01ac6c55b93c18226a60bdfba4a724efafd1 \
    --hash=sha256:79bdfa52f843137045b2d081cc05c120ba6665d29b7559c2c47690906f39279f \
    --hash=sha256:7ac031912d54f3d83ef3b3eb98dfabc1608802e2202263d25957eeed40b94761 \
    --hash=sha256:816ff0a6550ffc06c098ccd2e0698600f9aa7da192a79eaa6f9af504a35db869 \
    --hash=sha256:82a36973cf8a2ef5406f4fe2edbf8ed0c99629535d959e0b100c76a32535a111 \
    --hash=sha256:837b396ca3d7b74091ca623f6cbd8351bd42d670a79c2683e79fb089f06a2de5 \
    --hash=sha256:8816f3d218beb4b787de5c9759c259b8fa61f9dec42dc7811f320a33771778b7 \
    --hash=sha256:8e24d8f05fa2d28513d94e877e9c75ad66175376209b3977f916e240e623193c \
    --hash=sha256:976e1128455aa595ea04c79ccfedff1aaeab96ee013fcc916bed120c4f0ad94f \
    --hash=sha256:97bf8de4d541598c94a59344eeb988a94c08ff76b5723c41f6567ec18c7892ea \
    --hash=sha256:97cf3eb53a8cccacf9d46686a0926186c9bfb5574f2ed66d3639d5fe117cd3a9 \
    --hash=sha256:9c4b71f10dd532fb7a5cbc8f58707779e64f03a258c2bf8bfbaecfcd9970b519 \
    --hash=sha256:a2a5e1d0ff29adddc9f6d6821a66302e4493f8ca898b715b6b1182c2c201ea0a \
    --hash=sha256:a39ac25a9a2fa4072efdb429833c4a4c8009a51ff9eea3eeae131713cd27991e \
    --hash=sha256:a91c17edf6eea2402cb5457b4c89e99bc5ed1004aa34c4adf1d4258c1a5c22c2 \
    --hash=sha256:acf8a67ba51f4ca9ddbd0e6b3000a65ac51ab734661778b3e7ba64d99a710f2f \
    --hash=sha256:b49924c73a235e969511bf2aabdff3beebf9820931f646c80274d5d780010c47 \
    --hash=sha256:b7ca9034437b6022f941f4857459562ee00a560b97e7cce8a0ec5a74fc6766e0 \
    --hash=sha256:b98134087d9de723658d17a42c7d0da8d6e2ef08015dee7dc93889047315f5e4 \
    --hash=sha256:b9fe6fb92520e3fd61f2e49000b6911b188824f089b75973ea06d6267f0b476d \
    --hash=sha256:bce57638e08ac148e5778cce7feb968307a727d66f8e2274a543d0cf0c9ad6a3 \
    --hash=sha256:c1c43ad4339643d70ebb8124e1305a7dab423001eff58bb41a0f731adbc98355 \
    --hash=sha256:c76fe65e607be28c7fd4d56fc3c42b1583aa058ce3408b7ad0fd540171d31f9f \
    --hash=sha256:c7ea57fc63aa7da93a1bd2d644e6577befae10c52c4e36377635eea1056a74f5 \
    --hash=sha256:cdbb78909f52b981d3b2d56b97328d71eb0b974c36bd77c920123a7ebb192829 \
    --hash=sha256:d22a945598fb91236b4dd793a6e42e4f3dd7740bb5aace5ebd7d4c08d13bb575 \
    --hash=sha256:d2f9fc07a8042a8f95925b35c4f04f469707c981fc33245b6ca187cf5d2dd290 \
    --hash=sha256:d925f3d9afd05a8c0fb3a1031463a8d59ebe5e2afad297e29c78be19e13b4e62 \
    --hash=sha256:e64e88d5585bea9ce95861079de72006c7fa6d3df4e3a3b65ba31eb979c15c9f \
    --hash=sha256:e652ab17569c94bff5475520f907b7148b8c24036a8ebbe5cf7cf7493d28579a \
    --hash=sha256:e7b891faeedeafba41b2983e5001a81b6a915b69544c7e7570d1989ce1c36ac7 \
    --hash=sha256:e80675d75ae2cd14372cb65cad5400d9347a3d3f6c13000183f22dfd027283ed \
    --hash=sha256:e9c134bb666dd54b778b9fc0d2b50cbb7f979b9e3716f26a88c9ab3b6fc1dd0f \
    --hash=sha256:efd62a42486f1bda5d24cb4f63d15a3c7768375fe83d36f9417b4ad7a2fb20b3 \
    --hash=sha256:f332f0e72a5a0400141f830744e141bf9f97917878dbe968669e8a7fefea78ff \
    --hash=sha256:f7b0ec93a2893de856652154d73b7ba622f26fa97726487dcac373de5f4c6084 \
    --hash=sha256:fa10ef4112775900e7a0661068635eb67b2ab824fbde764de6e0e21982a93db0 \
    --hash=sha256:ff218293c9c806138dca139765e3b067621be52bcd93cdc14c7711be7ddc90a9
    # via pydantic
pydantic-settings==2.15.0 \
    --hash=sha256:0ba092c291c94baceb5eff768aa0d56400a457585bc0175925a5a5510303da42 \
    --hash=sha256:694b793e84f766ba76a90ebdefc01d0a9a045dab0382bee70393da93712ad117
    # via newsmap-backend
python-dotenv==1.2.3 \
    --hash=sha256:904552145e8bfed22162c09dab1c2b9b54fefa7b23ba780f4f26ca0316b0f0d9 \
    --hash=sha256:a20a594dabeaa385725aa239d5244871c143ecb356add8a20fcf23773a6c3a35
    # via
    #   pydantic-settings
    #   uvicorn
pyyaml==6.0.3 \
    --hash=sha256:00c4bdeba853cc34e7dd471f16b4114f4162dc03e6b7afcc2128711f0eca823c \
    --hash=sha256:02893d100e99e03eda1c8fd5c441d8c60103fd175728e23e431db1b589cf5ab3 \
    --hash=sha256:0f29edc409a6392443abf94b9cf89ce99889a1dd5376d94316ae5145dfedd5d6 \
    --hash=sha256:16249ee61e95f858e83976573de0f5b2893b3677ba71c9dd36b9cf8be9ac6d65 \
    --hash=sha256:2283a07e2c21a2aa78d9c4442724ec1eb15f5e42a723b99cb3d822d48f5f7ad1 \
    --hash=sha256:34d5fcd24b8445fadc33f9cf348c1047101756fd760b4dacb5c3e99755703310 \
    --hash=sha256:41715c910c881bc081f1e8872880d3c650acf13dfa8214bad49ed4cede7c34ea \
    --hash=sha256:4a2e8cebe2ff6ab7d1050ecd59c25d4c8bd7e6f400f5f82b96557ac0abafd0ac \
    --hash=sha256:4ad1906908f2f5ae4e5a8ddfce73c320c2a1429ec52eafd27138b7f1cbe341c9 \
    --hash=sha256:501a031947e3a9025ed4405a168e6ef5ae3126c59f90ce0cd6f2bfc477be31b7 \
    --hash=sha256:5190d403f121660ce8d1d2c1bb2ef1bd05b5f68533fc5c2ea899bd15f4399b35 \
    --hash=sha256:5498cd1645aa724a7c71c8f378eb29ebe23da2fc0d7a08071d89469bf1d2defb \
    --hash=sha256:5fcd34e47f6e0b794d17de1b4ff496c00986e1c83f7ab2fb8fcfe9616ff7477b \
    --hash=sha256:5fdec68f91a0c6739b380c83b951e2c72ac0197ace422360e6d5a959d8d97b2c \
    --hash=sha256:64386e5e707d03a7e172c0701abfb7e10f0fb753ee1d773128192742712a98fd \
    --hash=sha256:66e1674c3ef6f541c35191caae2d429b967b99e02040f5ba928632d9a7f0f065 \
    --hash=sha256:6adc77889b628398debc7b65c073bcb99c4a0237b248cacaf3fe8a557563ef6c \
    --hash=sha256:79005a0d97d5ddabfeeea4cf676af11e647e41d81c9a7722a193022accdb6b7c \
    --hash=sha256:7c6610def4f163542a622a73fb39f534f8c101d690126992300bf3207eab9764 \
    --hash=sha256:7f047e29dcae44602496db43be01ad42fc6f1cc0d8cd6c83d342306c32270196 \
    --hash=sha256:8d1fab6bb153a416f9aeb4b8763bc0f22a5586065f86f7664fc23339fc1c1fac \
    --hash=sha256:8da9669d359f02c0b91ccc01cac4a67f16afec0dac22c2ad09f46bee0697eba8 \
    --hash=sha256:8dc52c23056b9ddd46818a57b78404882310fb473d63f17b07d5c40421e47f8e \
    --hash=sha256:9149cad251584d5fb4981be1ecde53a1ca46c891a79788c0df828d2f166bda28 \
    --hash=sha256:93dda82c9c22deb0a405ea4dc5f2d0cda384168e466364dec6255b293923b2f3 \
    --hash=sha256:96b533f0e99f6579b3d4d4995707cf36df9100d67e0c8303a0c55b27b5f99bc5 \
    --hash=sha256:a33284e20b78bd4a18c8c2282d549d10bc8408a2a7ff57653c0cf0b9be0afce5 \
    --hash=sha256:a80cb027f6b349846a3bf6d73b5e95e782175e52f22108cfa17876aaeff93702 \
    --hash=sha256:b3bc83488de33889877a0f2543ade9f70c67d66d9ebb4ac959502e12de895788 \
    --hash=sha256:ba1cc08a7ccde2d2ec775841541641e4548226580ab850948cbfda66a1befcdc \
    --hash=sha256:c1ff362665ae507275af2853520967820d9124984e0f7466736aea23d8611fba \
    --hash=sha256:c458b6d084f9b935061bc36216e8a69a7e293a2f1e68bf956dcd9e6cbcd143f5 \
    --hash=sha256:d0eae10f8159e8fdad514efdc92d74fd8d682c933a6dd088030f3834bc8e6b26 \
    --hash=sha256:d76623373421df22fb4cf8817020cbb7ef15c725b9d5e45f17e189bfc384190f \
    --hash=sha256:ebc55a14a21cb14062aa4162f906cd962b28e2e9ea38f9b4391244cd8de4ae0b \
    --hash=sha256:eda16858a3cab07b80edaf74336ece1f986ba330fdb8ee0d6c0d68fe82bc96be \
    --hash=sha256:ee2922902c45ae8ccada2c5b501ab86c36525b883eff4255313a253a3160861c \
    --hash=sha256:f7057c9a337546edc7973c0d3ba84ddcdf0daa14533c2065749c9075001090e6 \
    --hash=sha256:fc09d0aa354569bc501d4e787133afc08552722d3ab34836a80547331bb5d4a0
    # via uvicorn
sqlalchemy==2.1.1 \
    --hash=sha256:0220e0d1d1ad2391a03cd6713ca5d795419033cc40baa1233f9ad454dffa25e6 \
    --hash=sha256:054a2c2b6cbe3ca7cb88aba9c5e2ecdbfc43656bea22326a41d09e5398c86ec4 \
    --hash=sha256:092a743f28f3a660321e9b093144b6a5b16f08dbb9b2f52466b47a2a128475c2 \
    --hash=sha256:0f94929be35def6580cf161f20c71930d9364d62f7040b6aed02b13fd3ca09e6 \
    --hash=sha256:0fad3dc37851b096ef72538b18152a5c1ae9c8b2013cd89f51eca83fc6eba36b \
    --hash=sha256:1477f2f1f531697753a729dd8f3e4e98f7019086f001fdc4d50350c929871c8c \
    --hash=sha256:18148691d761ef20a92cfc7dced305834e2c6ab4f4f3648f66f5d4028e234089 \
    --hash=sha256:1abf1acecd4d0fc34d4ab7e9cda9e849ce95b647e1a5f76db7d2a5a0bea4e1e5 \
    --hash=sha256:1ef7bc38d140b3cf08cc6e8823b8e76da2e188b5594997e2c16586c9778af472 \
    --hash=sha256:28b882509319789d52966d70164ccfc5bc1aaffc1c7f98a79bbccec13346ebd7 \
    --hash=sha256:2f0bb0502de28baed425278d4bd98658d8256419fd9ad6ca964138710f933aa0 \
    --hash=sha256:3353333f8c25fc5e0661f54630238a17b0d6600305e224400cd4642cce4af34f \
    --hash=sha256:359e2411cf4713b4b323b3c2558a07663a19ab82a5d7b23c601e1be5432aac0c \
    --hash=sha256:389e7098e9ae15094f222496de98b0fd211c06b896c73c6e46aa9ca5b6fcd590 \
    --hash=sha256:3ac9781474e4b6c3e184487643d47408666be794d5782165a817da63f981f89a \
    --hash=sha256:4357c1a222e141662251a59d3702f9b124294941171dfa6bd570513e9f4905ee \
    --hash=sha256:44dff425e7d88b04497b4317478a6af2a694327a087e6f1670a4266180838269 \
    --hash=sha256:4789593e8979d7c946da1985a560200b6ef6c3dc6dcc5442985d62c6f2908875 \
    --hash=sha256:481d926922d9bff632955ed6f07e2b87066b0d1069eb67cbc8c35e27f7fe5e1e \
    --hash=sha256:558d6d7d6eec0e54ed212320a587bb7f30553550396226d8488803c93757f17b \
    --hash=sha256:57ae70935cd382cd41d84757e802687f7c5e7411aecf2b962b7bdb6ea74e088c \
    --hash=sha256:583038541d9246dbb05fc4ab73038dc61820983c12fa5e32a3b0d903e1ba7bba \
    --hash=sha256:597e1edf9cbe6ce63974813000c02c7a44da3d21f1da47f07174732ba188e8ae \
    --hash=sha256:61333b2f806f64a08a1edf0b0e4271905f73c1f7e525c23da7a491f74c109835 \
    --hash=sha256:63c0291bf0f721543db3719c71f2d5ad6649f12abbcbc8324d42805dac112cbc \
    --hash=sha256:6a261e2244fa88e6eded95a078550c0584da55db22d49b0b2db8c075788282fb \
    --hash=sha256:73b0f7cb41a3df79dc0427377a9e2a099eb15995a327120d651f21309faa662a \
    --hash=sha256:7c60fb6793cf60b2733012352f0e1861c38b24727d0e37a1da1f3974eb79f0ed \
    --hash=sha256:7ed18c0747eec4a0d8d9abe4c89d96ec0eda97721ab7d3a31d0c1ebcbf38cd2e \
    --hash=sha256:7f15820c84b2377bcf02cf754232690ac2ad90d425978bf1e5ba30cc04f94d55 \
    --hash=sha256:842a5c00ca9719cc26fba6f401f70e4bac19dc8cc4dc36350803a03954d6aea2 \
    --hash=sha256:87d45175e8ba4a1ee027ad9307e6a4bf8a242469415f12afc9477def739474b0 \
    --hash=sha256:88cb0a27ee9571fe339d7809a40b14ff2387ea05d02629a390a03c87cc981277 \
    --hash=sha256:8a3126c1203cdfc0f00884f9e8dbe95307b813f883ee9d9691983a563ebc96f8 \
    --hash=sha256:8b0660ded5f9c090f9bf49fba78d52843ff3ca8c10f71624811f42f11655762d \
    --hash=sha256:8d846615b89702ef5d0809e701ff5f3816b88dd02670c777adc456f6d81ef3ef \
    --hash=sha256:9324681cf8d8e9c7f6e507fea6a8ac2215fee253340d4399645216a08b936660 \
    --hash=sha256:a0421f9eedad616b04a097ae3f155c5a0a31380364369861fd6e0f46074c3fce \
    --hash=sha256:a74c46cd93e34b912adafab98aa71c862518451a019d97f9c2f37392fc8eea3f \
    --hash=sha256:abd893deac6b0765f51d87129c5631cc5bc8f784f8bf22a9d3903695c764bccc \
    --hash=sha256:af189bd861bd31a84f0ba244d6db0c8aeae9e56448c9001bf02ee6a93758b39e \
    --hash=sha256:b04365ffe57cdeaf4d0f75630332d857dde3f91336bc4bdec76c810473c9c35e \
    --hash=sha256:b2a036e3c8b183f9c31df7611e03a4bd160e055915772bb8c13ec382da8f3571 \
    --hash=sha256:b357598df0676accd1ccfb6bbc5db53dbfb499052d2d1677adf4ce14a7180664 \
    --hash=sha256:b76d8fddf080c53f2afdea6e7149721e7b980086a2f17a9b0bdb42571a92c285 \
    --hash=sha256:cf88881d593f527860fa7c63a50095496a5fa15632b1fee58e3114353f7fbc22 \
    --hash=sha256:d111318e32b4452d85b491d2ba3f39f6be2736ff858da616f0e6627bb3810145 \
    --hash=sha256:dabf6a73f2cc1fa2155b29f2a8a85afd82d8613262e6054cc3c932f5dee5d474 \
    --hash=sha256:dee7886f4725c304641929a38d1ebe163f9fb45a5c9363f34bbb85bfdcb084c5 \
    --hash=sha256:e1986faa95fd7b206e5bdd1af7f4ba9ac10f1166225fb2eca0fbca04e3851f7d \
    --hash=sha256:e20233c7d000c006a03f3734d8e7a6e63aa878fcd3482c1f412c864a0992e5a0 \
    --hash=sha256:e37b1fe2e080bf47f3b693dfbec9aa39d3c3d52bfac3b4fef290a449570bcf3f \
    --hash=sha256:e5274d07ae1dc5dc0e452ec24bdc97cf76ba189cab3f0c1c0386a1523240f775 \
    --hash=sha256:ea049f3e2702967414bc79f58a484dab191359267726607e6c1579a09ef93788 \
    --hash=sha256:eb2095d39baecbf8b78ea202d3d21178cc8d73e52c3b450c82feb200d5b0d1a9 \
    --hash=sha256:ee446c07db92e94af30e1390ef7d65c1172756403f743fb7d8b4fc5f377cd427 \
    --hash=sha256:eef01acb10295adfac8a960f716687052fe16f14a3f5955b56c24eefa9df7851 \
    --hash=sha256:f2c1c27a41d1a26db380b3bad45f822d979c9608108c32ee613a418ec454ecbf \
    --hash=sha256:f90e517b2eb9c4c40fcc978c8c242789fa6cb0064c501fd8c1515145ed5fe23d \
    --hash=sha256:fb1f36ca818146b0e844dbde6dced65805d4ee06ce6282aa46a807f9a6619ede \
    --hash=sha256:fcf3cbb33bb23bad75d2150157c21804618745731e9931ab27e61879a9f6123b \
    --hash=sha256:fdef70d59afce463bedef54580ba6a832f9f2313c1d0054e15cbb4ff46f37a97
    # via
    #   alembic
    #   newsmap-backend
starlette==1.7.0 \
    --hash=sha256:67f8e99895493dd2911a03f11314af6ceebeae4e704bb9f43dfc6a9db151c93e \
    --hash=sha256:c79f74ea63cff761804fbbfb182f1e0b440c2d07b164d24700c5a1bab5d6ff5d
    # via fastapi
typing-extensions==4.16.0 \
    --hash=sha256:481caa481374e813c1b176ada14e97f1f67a4539ce9cfeb3f350d78d6370c2e8 \
    --hash=sha256:dc983d19a509c94dba722ee6abd33940f7c05a89e243c47e907eb4db6f1a43e5
    # via
    #   alembic
    #   anyio
    #   fastapi
    #   opentelemetry-api
    #   psycopg
    #   pydantic
    #   pydantic-core
    #   sqlalchemy
    #   starlette
    #   typing-inspection
typing-inspection==0.4.4 \
    --hash=sha256:547274fa6b0a561ccf549cc9524b999a578e737d015d8709d021f9d0d13bea47 \
    --hash=sha256:65b8397ba37ccbce054456aaccddfc91e6e3083c92824df348d96ca832f3f147
    # via
    #   fastapi
    #   pydantic
    #   pydantic-settings
tzdata==2026.4 ; sys_platform == 'win32' \
    --hash=sha256:c2169a8b0a7a5e9674da5a135ccdfb2b3e671b333ed9fed17b41f73c34476e81 \
    --hash=sha256:f1b8bd365d8d210c55353f4d7f8d6d8561c0ba50d704b700d195a9424bba0d79
    # via psycopg
uvicorn==0.54.0 \
    --hash=sha256:505bdb0f318731d45f1f712071fc781a8981f6847a31c902c9f5e652d4f67faf \
    --hash=sha256:a2e33cbfaa0306f8e6b0c13e0cb89d7d7a2da3e62b90c66e18c33d9807b28620
    # via newsmap-backend
uvloop==0.22.1 ; platform_python_implementation != 'PyPy' and sys_platform != 'cygwin' and sys_platform != 'win32' \
    --hash=sha256:0530a5fbad9c9e4ee3f2b33b148c6a64d47bbad8000ea63704fa8260f4cf728e \
    --hash=sha256:1cdf5192ab3e674ca26da2eada35b288d2fa49fdd0f357a19f0e7c4e7d5077c8 \
    --hash=sha256:1f38ec5e3f18c8a10ded09742f7fb8de0108796eb673f30ce7762ce1b8550cad \
    --hash=sha256:297c27d8003520596236bdb2335e6b3f649480bd09e00d1e3a99144b691d2a35 \
    --hash=sha256:37554f70528f60cad66945b885eb01f1bb514f132d92b6eeed1c90fd54ed6289 \
    --hash=sha256:3879b88423ec7e97cd4eba2a443aa26ed4e59b45e6b76aabf13fe2f27023a142 \
    --hash=sha256:4baa86acedf1d62115c1dc6ad1e17134476688f08c6efd8a2ab076e815665c74 \
    --hash=sha256:512fec6815e2dd45161054592441ef76c830eddaad55c8aa30952e6fe1ed07c0 \
    --hash=sha256:51eb9bd88391483410daad430813d982010f9c9c89512321f5b60e2cddbdddd6 \
    --hash=sha256:561577354eb94200d75aca23fbde86ee11be36b00e52a4eaf8f50fb0c86b7705 \
    --hash=sha256:6c84bae345b9147082b17371e3dd5d42775bddce91f885499017f4607fdaf39f \
    --hash=sha256:6cde23eeda1a25c75b2e07d39970f3374105d5eafbaab2a4482be82f272d5a5e \
    --hash=sha256:6e2ea3d6190a2968f4a14a23019d3b16870dd2190cd69c8180f7c632d21de68d \
    --hash=sha256:700e674a166ca5778255e0e1dc4e9d79ab2acc57b9171b79e65feba7184b3370 \
    --hash=sha256:7b5b1ac819a3f946d3b2ee07f09149578ae76066d70b44df3fa990add49a82e4 \
    --hash=sha256:93f617675b2d03af4e72a5333ef89450dfaa5321303ede6e67ba9c9d26878079 \
    --hash=sha256:b31dc2fccbd42adc73bc4e7cdbae4fc5086cf378979e53ca5d0301838c5682c6 \
    --hash=sha256:b76324e2dc033a0b2f435f33eb88ff9913c156ef78e153fb210e03c13da746b3 \
    --hash=sha256:b91328c72635f6f9e0282e4a57da7470c7350ab1c9f48546c0f2866205349d21 \
    --hash=sha256:badb4d8e58ee08dad957002027830d5c3b06aea446a6a3744483c2b3b745345c \
    --hash=sha256:bc5ef13bbc10b5335792360623cc378d52d7e62c2de64660616478c32cd0598e \
    --hash=sha256:c1955d5a1dd43198244d47664a5858082a3239766a839b2102a269aaff7a4e25 \
    --hash=sha256:daf620c2995d193449393d6c62131b3fbd40a63bf7b307a1527856ace637fe88 \
    --hash=sha256:e047cc068570bac9866237739607d1313b9253c3051ad84738cbb095be0537b2 \
    --hash=sha256:fe94b4564e865d968414598eea1a6de60adba0c040ba4ed05ac1300de402cd42
    # via uvicorn
watchfiles==1.3.0 \
    --hash=sha256:000b9688fc8133037a8b075c8ebf98f32844ff8964dda61e85c1db547dafc441 \
    --hash=sha256:025b108f2d5cc2799cb941f79380df3e8b22bfb589c218e801767fe78d598c95 \
    --hash=sha256:04c5500faa725d69a99b0f63750e80795e455bb951849e9c98a811b4324997c4 \
    --hash=sha256:1acabde19b67e673274e89a04d613b7fb1f122e2c4b8ec9a581e59c149264b61 \
    --hash=sha256:26b81bc515a0f03f66a69a6fea86eea54c8eca4173c46dd7222569f79dd2f977 \
    --hash=sha256:380f513d26cc2e598266b88d66456e07d67ef4be8f0f435a1154d9c44b43d509 \
    --hash=sha256:4af9c464d410e8c44b58ddf1cbec7c3a02c1cb2c6c80df9c74659ba2fbda0ab5 \
    --hash=sha256:509d9f74d2bec5c1f4cd868ddcfe0c9601f7ea53066dfcb19d8ede742c4de661 \
    --hash=sha256:7398930a2b76b9dc67a4e6b8bfc7baf30946892a86f417a3920c07bdd6febc30 \
    --hash=sha256:7c1125e99f84934a92996ae343501285617373acd66f16b59fd5654b27ad8d80 \
    --hash=sha256:81c989d7267bfb7b676cd32c83bec97914e396870983cbf493e29415037bff5e \
    --hash=sha256:99aee4a07847c06820765fd7b1b49ceac4f3f711ccb7d104655a33231de1c207 \
    --hash=sha256:a5b631db08fd3032db57ec6a92d1777cd60f88803287e4e941a4858c53aab1e0 \
    --hash=sha256:a85e243c87109d9f48a2e0d10d6abdee8768cc114848b32281ec83d7f81d86ef \
    --hash=sha256:b5768b49e426fd5b550b012c866db347cdf15c398ef98dc557b6e6b72fa74cd1 \
    --hash=sha256:bbc1198edfdc90fda0600f825aa94150f428dfcbf8138746f55998e0e660d64c \
    --hash=sha256:be9ef3cd403d756a304a0a08a112163c63da7ec72c8c9d083c98818291ff8f29 \
    --hash=sha256:ca39661934749df580d89f3dde266f2af7c6968f4c21c72ce2dc387d299e6aa7 \
    --hash=sha256:d36c72fcdc08f143d87316a4c4c3b064e340da2c7383d39803950740ed418935 \
    --hash=sha256:d4593392e87669836670f87d62fc754059eaeb0e6157af44060a46558cebe5a3 \
    --hash=sha256:d754e049006e81a9be49dc78ba7802081cee426e968cbc63ee19e164fa2d0e39 \
    --hash=sha256:d978cc1dd7ba44f5590d7de74f7a9c8be7262d9e469c2c0efb8bbfc2574321dc \
    --hash=sha256:da213822ec9082b62cadf3008e07a8c690ec7a3c89f6dc5e55a8cf07b56a1b26 \
    --hash=sha256:dd538c71766c59c732e2c5cedc39323c99c11897b99f93eac773438e54af206a \
    --hash=sha256:e0204f90677b7fb8d3a824279a71a01166bea9f6e53923b8056592d87b33b0b6 \
    --hash=sha256:e5871d4a7f788a9f64fb06f5793389d29d171e5c32d37c3ebfd520b017cc7694 \
    --hash=sha256:eb94e40b9a0db19636b5e3fed0a9803452ecc7381df13b385272abb779ee83ca \
    --hash=sha256:ec3cd4bb181a7b6329134204c2277c7144ab5f62cce9c5335d6f901ee7ce8d6a \
    --hash=sha256:f0c9865240e065a2247f4b5248528ae3d01e0e8ae071462c250c884dc16e3ee3
    # via uvicorn
websockets==17.1 \
    --hash=sha256:0014eaff8ad5b3b43feda2279f9d34bf2eaae040720b9fbbb55944b10f40b14d \
    --hash=sha256:00bf34b64501e3477e81fc281532ff3cbf4da26633c10b63979d5085d46602d3 \
    --hash=sha256:01dcb47deebc40b38fd4a493b9b9f4d0a704b7bec6f35e4d34085b329abce71a \
    --hash=sha256:0340bbef6bfbe16da888b3983d666a4db4954ac3253c38f13bc7aba0c7db5a2f \
    --hash=sha256:073c5c3f7e127041fa9d34a9e29ceefee8c3cafbd267ed2927318f425144380d \
    --hash=sha256:07fa3e7c30e2c577928d359b56bf872a3e0cbcc15553eaa0907c1ee86344b56f \
    --hash=sha256:0c863507ada5805517ca6dff1c524dcd42942efe6304dacf06700878398d21a6 \
    --hash=sha256:0c9982938980e086da59f70d05f9418cd143401a601a0faac10fa48f7bb1cd3e \
    --hash=sha256:0de501b7f2db11e83739ac20e2d33d46da4604b829f506c24be80e7def069391 \
    --hash=sha256:0f4f50dfe2cc810fc4e2de979b35e83bf8bb4bccdc6fe472d93762ea7b1d5927 \
    --hash=sha256:1036189bd34b0bc1b10a4679321e2c7968af317efe6e8e4c1c5141c4254fb5bb \
    --hash=sha256:12c8e2b25df59755954a04dfa09c990b96691025aaf7eafd19ed6da24b09c18d \
    --hash=sha256:12fe8984a32dbfd084e0603f1a8d740c0180cb85b3174585c54a80d2455a8394 \
    --hash=sha256:1a20136d61f9ca3a31493732762661fafc2c20e8861930214e21afc6a8a692a2 \
    --hash=sha256:1a5cf4e7bbe3ca499e6a289206cb4fcb7444b09919e129bd517f57d5fa192c13 \
    --hash=sha256:1c7ac77401227212dc6e849182feee50d57cf456ec6329ffd6979c94bb136c5c \
    --hash=sha256:1fce0f43e0d41422e0b2cad6561e1970df22f212f4c7e884967df7cf591b031c \
    --hash=sha256:259f45358c76d3b18489e3e80636cdbe807e05ecf1b10fdf1a779106d23d0c8e \
    --hash=sha256:2786cbd273ab69c22612db8a41229ddf2c158060b17b5928884bf388d07887f3 \
    --hash=sha256:29176d8b429cfa0fa443c473878d37a5c06cfd0cb36b71ba4314accc71e05906 \
    --hash=sha256:2a0162a6372110a5601cb5c9fd826635cedf69f3e110c545dd19774e040b970e \
    --hash=sha256:2a4dc6ef83f4559e0d05f313a375cb38f63c986096a9da99fe94fdd779d313e5 \
    --hash=sha256:2afb58c7ba48b329d56769f8dfd89f394efe587b65ef806bae810a484d6d3608 \
    --hash=sha256:2cce251f3e2469b99b6802b55435bcdd07123b41870f54c87b336183af9d7e68 \
    --hash=sha256:32a2a68d989d6e5b74a9d5095415c51189ebae29fceb7cf2b64a1c0318a81256 \
    --hash=sha256:33e45c7ea38428e740a7f233555d71df0b875cef7fc080acebc9654475e35335 \
    --hash=sha256:3546ef55b3a074494106508bc6505c73825970d2d9505f7bf53882b3e88b0d1e \
    --hash=sha256:3709a1ab30b4b922027d22f68d2b61a0656a91680ac894a537624e6be7dd7f7c \
    --hash=sha256:4031152769179ab8dcdeafc7b0e58052a49117560a28671700b47b2c7b717aad \
    --hash=sha256:406b8107943a43ef4649b1e0cb0cdc052bbf08fe1c8905a623c4af9586e5cebb \
    --hash=sha256:416b4bc8789a1865a3ff643ec4ee073a5f52402d0dbeafd27b1798d5dd6b6a51 \
    --hash=sha256:43bd0c1ceb924d67f5c1a5254d8361dd9d94246e6331a726064dfa2917880780 \
    --hash=sha256:455ffeea0879d313205df1e745e5883e1feb7f31ecd26be882f5f0babd3db04f \
    --hash=sha256:46c0331c9eaaf73a559f3a9e388466be0df96eb83d40f06f1ca6ab6613b35c82 \
    --hash=sha256:46e7a10bf04318c7b0c0273791925ae5e1cbe4a11e34aa934d2ef27862058a80 \
    --hash=sha256:4af784f3e436f65b355c117c6497320f2b5cf6a559295cb1c4c7338e335d45cc \
    --hash=sha256:4e8ffcb486c8490a34a4cef5e4409d8da5a1cb1681e5bf7d786ce5e84aa8540d \
    --hash=sha256:50903d335bfda026c2fa11dd9aed09d8cbee0c451e3a85122a9acb041b7dc69b \
    --hash=sha256:57b39dc8541cf7ed3f639da82bf7451060483967f9e733da1f8173e4095f0642 \
    --hash=sha256:581fa678ef46f4277cc8491312468e582f8ad609dbab907ba6096a08c6a0ff98 \
    --hash=sha256:5a74531ce81af587f906ab42f194032388fcff8fc7938402e5917c9147a39441 \
    --hash=sha256:5aefe78e6a3077fe22b5e64b04666a85a3eb8b934d40e8595a693adcbceb6f11 \
    --hash=sha256:5c27336b1a0ac56569493e858497870347854372395f50483725f8cdacc5a45c \
    --hash=sha256:5d4724255fb8398acd9e583b97eb2279cec20e0bd0f9a94bf75f6056ef9f13da \
    --hash=sha256:5f051f8030a51815dc00e24bd2e5f1435af095c1cc111d747ac6e2a3620d7641 \
    --hash=sha256:615746b12b26a3fd4077bc6fbeb277a1c192a45dd57b531d07ad9ed5c52a9a7a \
    --hash=sha256:617243e19a0992095956f406ee9cd3bc4ba92862d83cb1d83bb59ce574412bec \
    --hash=sha256:655a8e28010f09fd6fa317e857afab3af7647f33e41dee88fa421e92086d1090 \
    --hash=sha256:67258b00302a5aaf0b267771c7014b13429abd7ea17eebc4c55bd935ff101555 \
    --hash=sha256:677014a073bcb1fbaa7e21144786864f16c08f856d66834f611eceb9006cbab8 \
    --hash=sha256:6a8e768a048c2220697477ce2e67e4345dc9f693d0ee6af53945b5e30227c6a7 \
    --hash=sha256:6da17fc94bd270f5987b10bee113461ac36a36a98b0481ddcc98056e5a90001a \
    --hash=sha256:6de9acef07e3a78e9567fcd26c29011a4da8f050b13004bbf880a0fd82a6eea5 \
    --hash=sha256:6e63c01803be425ff062b7f7fc201a74def1d49fc94a2410dd17375df75936e9 \
    --hash=sha256:6f42912fa9eb4cb7c7ec9fde9b3332ba339eb8a8811981043d4029599f3d950b \
    --hash=sha256:722ec21717eec6477bce582147a28acdfe034e604239466a6a95daedb863e774 \
    --hash=sha256:76dd004f59115087c7b700474cb18f01325e37250032e19396c08ae41448e4b3 \
    --hash=sha256:77b37cceca17291897c3c73bd30a7c7c7909593554b5da574ec852af83c1742a \
    --hash=sha256:7a72efa3bf4fa3a6669a54420a472ad056da3973d827f10e3a536da463f926c2 \
    --hash=sha256:7e724f843fa6a0614aece65a7c73e51d0f4412ca41dccac13c3caf98e69536bb \
    --hash=sha256:829dba1bc049779de9b332088c1a6a9858e96bd67e50b6b644a95e02b67836bc \
    --hash=sha256:87f0d5e77548b0c40c8464cdb6108792e7e53f487c6400028a4ec28a8afbe5ab \
    --hash=sha256:880069d21cc33a558dcf180924a546d1ecf8ada5be3e4e70acee87019d706a24 \
    --hash=sha256:882af300d2c6a092b93767d5de03c7bb56dfb06314140c8e872d3f48e09f7b74 \
    --hash=sha256:88381602e379165b66244b2ebc29f9b23ea0851fbe63ae157f91ca324f072d6f \
    --hash=sha256:88bc5138e53903a85c354e59df7ba73ce306f7b09724cef74dba121e60a88ce2 \
    --hash=sha256:8f6c38cdcaf98a911d7acc25577f2f9e710f3a2fc2bde1563556784320196b51 \
    --hash=sha256:8fbf28e639544503b7d1c96452a5e5e043e4108d89b1f3fa02910603622d19db \
    --hash=sha256:96abdecbaae746851b87c3a36cb4a661df93ca3d92f114270f79228bf1d00de6 \
    --hash=sha256:9ae55d24241fc055f22aea3ac924559069848bd0ad4ea065fdd72d2194685fe8 \
    --hash=sha256:9f4a08ff7cb68c27b18e09223cc6304e01d0f82d5a240d251266dfd2e6e44729 \
    --hash=sha256:9f4c0377a83e163a303514fdfab501dbe379bdc13e5b9312a91d112658b29dce \
    --hash=sha256:9fa1ffa08c81a4f809cdab6129f8e55bee4650b9d6d3461019dda73aacd146b6 \
    --hash=sha256:a06f3b5085176763182449559e20391d7ce616a8972a9f7a33deda87ea6d4f3c \
    --hash=sha256:a7b35181a14cbfcae163b4de545d22abfd07d06c2c41ca69cfcd99251d6888ab \
    --hash=sha256:acfea4c20bf54384883ea33b1240fc1db4f52e190823a4e2b334bc3e8bfca96a \
    --hash=sha256:ad68c28a27246fed109a4409393d677b7e1388345cbbd2f5aee5c182d8506110 \
    --hash=sha256:aec00f018d34c67500ff0438dc314b40277be4a1b983cbacbf53ccf7db63e257 \
    --hash=sha256:b1c323fc3be1dc3f87f6c59458cb7d9e13dcbbf971d6c3f3e2bbaf58d3bfcdfe \
    --hash=sha256:b65d5fe48219dc2d5e158de9e6514e75600f379cc7e37108d35f31764c155566 \
    --hash=sha256:bb0efe019480a1c93e168ce96479273aaebd672fc8c350d5eed1e507ababb1b8 \
    --hash=sha256:be3f0129c5654517b2abf07dcb75bb1d9479759a4ccfb569e8293579e9fc029a \
    --hash=sha256:c3241d684a76eaaef8b2dc789afde4343cd3aad55ea81e4e8ab3605b529bae51 \
    --hash=sha256:c65da239a5ad553619804c1f9d65c1a0b3005381c6158ee14da2c7444cbd0c78 \
    --hash=sha256:ccbf3f4a9890d50b3a08ee04029fde30a03bfdeffaa19977628bf17251764e60 \
    --hash=sha256:ce0305b702b20d1e1d60a9aaace6bc89970e1753565543f310d549eab22c2435 \
    --hash=sha256:ce13c7d233239e739600a57d4a73c1192ad8259e655a4d55aa1a454242bc809d \
    --hash=sha256:cec1bb8f22abccc8d20f8ca63df9be41600c26c190f4b97ee86c675fd4a863a6 \
    --hash=sha256:d1e2f5fa2b6d01f0d85b4f223fea7ed1d504be282a02a81bd2be4817ef7a2f03 \
    --hash=sha256:d334d11398086bb5559606cb42d51c013ea7c061c7db701521392373d3c087f5 \
    --hash=sha256:d411ea5ca18ac1b12c0c94be88b60c18ca641ac43bcdfdf1c9f79d46cdbe1603 \
    --hash=sha256:d41ef69d5416fbc1d98cf96c37be6192d10fd101c3e0f8b3ddc36e09432b3c08 \
    --hash=sha256:d58159af7835fde09c462394293c0d7aaf8fb4557d8f8e5699f5e722ccae013d \
    --hash=sha256:d7b349265fad6244013eecd99df8d83c12bf3013943e431f4fadd5bffc37db42 \
    --hash=sha256:d8e83333385cac6030a5167fd18bf96cc6c58b914c308e683f05b0cf94bc8dd0 \
    --hash=sha256:d9d01e8ede41fea4f5a847dad9d628355f74905f437a5b6856d67aa66d193800 \
    --hash=sha256:d9fc873e239c5abeb150bc24dbd1a7af23a9254526383ce0a077f5e20adbeb19 \
    --hash=sha256:db9d7ee47f3ba531e278be539af39e2c7c7d28fb94897b6cd1120d63b0ef5922 \
    --hash=sha256:dc053f9e95a76213c5eb7ed95779f7daf0d2bf0e4e03073629ebfa43a033f151 \
    --hash=sha256:dc2b79afc074d2f3e64b26539350f697fe1b85ea1c49ea24eb588f247b053ce1 \
    --hash=sha256:dc5789e5ea182b77a38881383ada5347202a6c66f4857d054e075290e80b604b \
    --hash=sha256:e4bd7eacb87d8cf3ed70d6392c770a0d92441f05d7d2a3efafb5bc171d5e3067 \
    --hash=sha256:e552e0037230ac16e5f568de7012041344d1b18c9feed30ec2891b8eba55af81 \
    --hash=sha256:e5f5c7a893507d0e83a80b88aefd6522f7e882cd53f9722c6f23f5a020c9557c \
    --hash=sha256:e74e41f0ad12ff1e8983e349daef79d37cc8280c743ce9d134d6c74c18dab5d6 \
    --hash=sha256:e78fd4b7b2c5086a38671c9c882c1e643385eccea360b5b1fda4a105e590087e \
    --hash=sha256:e8dc3fa6d6b7ead3f9de57895f41b116a28787548e066365d9d90f7356bcaad2 \
    --hash=sha256:ea0ed9373b880115911d9d39634bccc95b8ce590c9c42e8589f5cacc3ef3cee2 \
    --hash=sha256:eec113a5b41d124ef42ff56b0d74a6da3fd986400038eab9e58ee42a4024e837 \
    --hash=sha256:f221081107b8c48184d99f7019604486376e7ef826037e70aad6b02540732c23 \
    --hash=sha256:f3a1d577e081667dda7f8e5b4796e6e32f9713c93e2a3d930669519840a3c623 \
    --hash=sha256:f4c45ee2512d3757b5e6c67c5a34e435143f2ecb7df3324f9fd888688c45c0f4 \
    --hash=sha256:f58f58b4b29bbea2a3635e2c56eff4a3adab011fe383802a9e542e31b97085fc \
    --hash=sha256:f612dc57f00c07cf4aa2673f7cbceabd654ad2457b7e639f061b794d6e11f9fd \
    --hash=sha256:f62114a54117e4948a1e414e89521f7fe1e3c2f83f2a571a06a4fc6718b0900a \
    --hash=sha256:f64e001bb7fa89b9f32cfa600bf8e9ac8ca26759d9b92ae01453ee303d9cd7b4 \
    --hash=sha256:f7233eaf441a345a5943a929fd4b5ea3278f11aed35a9ed0f3106b8cb3ca846a \
    --hash=sha256:f78a3ffb1994304db2c0c4588e4d1a518079b557054fa3bb985a6f5e50ff49a3 \
    --hash=sha256:f98bf378d7a5be047a044a1a27c987a8f355e10e3b5754617dbe756248cbc5ce \
    --hash=sha256:fb88076df585b69c5761c387c0081aa87d7b9eb1b205a6535ca4777e25650d81 \
    --hash=sha256:fd8f47dbf2e8adb15c847215f83436de3fdb120b51fdae0fbbdf69fd97a3ad80 \
    --hash=sha256:ff3e2ba7a9f0a110b0555452e9b5a03a34e11662544e01beea15f144b48ba7b7
    # via uvicorn
